{
	"name": "fnlb-selfhosted",
	"version": "1.0.0",
	"lockfileVersion": 3,
	"requires": true,
	"packages": {
		"": {
			"name": "fnlb-selfhosted",
			"version": "1.0.0",
			"license": "ISC",
			"dependencies": {
				"dotenv": "^17.0.0",
				"fnlb": "latest"
			}
		},
		"node_modules/@fnlb-project/shared": {
			"version": "1.5.107",
			"resolved": "https://registry.npmjs.org/@fnlb-project/shared/-/shared-1.5.107.tgz",
			"integrity": "sha512-HIec9TCWA2OvLB6idMe2YrL+y/CR7VlP36nQoTkaYB5SlZp2FPvbJo1dObn2u9bKNMa2YZrRcxxLQtwhiAkDdw=="
		},
		"node_modules/dotenv": {
			"version": "17.4.1",
			"resolved": "https://registry.npmjs.org/dotenv/-/dotenv-17.4.1.tgz",
			"integrity": "sha512-k8DaKGP6r1G30Lx8V4+pCsLzKr8vLmV2paqEj1Y55GdAgJuIqpRp5FfajGF8KtwMxCz9qJc6wUIJnm053d/WCw==",
			"license": "BSD-2-Clause",
			"engines": {
				"node": ">=12"
			},
			"funding": {
				"url": "https://dotenvx.com"
			}
		},
		"node_modules/fnlb": {
			"version": "1.1.14",
			"resolved": "https://registry.npmjs.org/fnlb/-/fnlb-1.1.14.tgz",
			"integrity": "sha512-WVCPzXR1JDGRYZ9jigAvpioqomXBe3g4DQ82gEHGvUe1gJzQCQekKCSh0IGlIfQO0CylA2quSmfFsIznt6hWcA==",
			"license": "ISC",
			"dependencies": {
				"@fnlb-project/shared": "^1.5.74"
			}
		}
	}
}
